{
  "name": "elm-safe-vdom-sample",
  "version": "1.0.0",
  "lockfileVersion": 3,
  "requires": true,
  "packages": {
    "": {
      "name": "elm-safe-vdom-sample",
      "version": "1.0.0",
      "license": "ISC",
      "dependencies": {
        "elm-solve-deps-wasm": "^2.0.0"
      }
    },
    "node_modules/elm-solve-deps-wasm": {
      "version": "2.0.0",
      "resolved": "https://registry.npmjs.org/elm-solve-deps-wasm/-/elm-solve-deps-wasm-2.0.0.tgz",
      "integrity": "sha512-11OV8FgB9qsth/F94q2SJjb1MoEgbworSyNM1L+YlxVoaxp7wtWPyA8cNcPEkSoIKG1B8Tqg68ED1P6dVamHSg==",
      "license": "MPL-2.0"
    }
  }
}
